// !$*UTF8*$!
{
	archiveVersion = 1;
	classes = {
	};
	objectVersion = 46;
	objects = {

/* Begin PBXBuildFile section */
		365872DF1EF908EA003823BA /* Player.swift in Sources */ = {isa = PBXBuildFile; fileRef = 365872DE1EF908EA003823BA /* Player.swift */; };
		365872E11EF96216003823BA /* QuizeCollectionVC.swift in Sources */ = {isa = PBXBuildFile; fileRef = 365872E01EF96216003823BA /* QuizeCollectionVC.swift */; };
		365872E31EF96266003823BA /* WhichQuizeCollectionCell.swift in Sources */ = {isa = PBXBuildFile; fileRef = 365872E21EF96266003823BA /* WhichQuizeCollectionCell.swift */; };
		366FCF0E1EFA86CD00B2F500 /* FeliksGameVC.swift in Sources */ = {isa = PBXBuildFile; fileRef = 366FCF0D1EFA86CD00B2F500 /* FeliksGameVC.swift */; };
		366FCF101EFA8AEC00B2F500 /* FelicsQuizeCollectionCell.swift in Sources */ = {isa = PBXBuildFile; fileRef = 366FCF0F1EFA8AEC00B2F500 /* FelicsQuizeCollectionCell.swift */; };
		366FCF121EFA904000B2F500 /* Felics.json in Resources */ = {isa = PBXBuildFile; fileRef = 366FCF111EFA904000B2F500 /* Felics.json */; };
		366FCF141EFAA68900B2F500 /* FelicsVC.swift in Sources */ = {isa = PBXBuildFile; fileRef = 366FCF131EFAA68900B2F500 /* FelicsVC.swift */; };
		366FCF161EFAB8F400B2F500 /* minisystem.ttf in Resources */ = {isa = PBXBuildFile; fileRef = 366FCF151EFAB8F400B2F500 /* minisystem.ttf */; };
		36A949E11EEFCF1C00FDA807 /* AppDelegate.swift in Sources */ = {isa = PBXBuildFile; fileRef = 36A949E01EEFCF1C00FDA807 /* AppDelegate.swift */; };
		36A949E61EEFCF1C00FDA807 /* Main.storyboard in Resources */ = {isa = PBXBuildFile; fileRef = 36A949E41EEFCF1C00FDA807 /* Main.storyboard */; };
		36A949E91EEFCF1C00FDA807 /* RybaSushiQuize.xcdatamodeld in Sources */ = {isa = PBXBuildFile; fileRef = 36A949E71EEFCF1C00FDA807 /* RybaSushiQuize.xcdatamodeld */; };
		36A949EB1EEFCF1C00FDA807 /* Assets.xcassets in Resources */ = {isa = PBXBuildFile; fileRef = 36A949EA1EEFCF1C00FDA807 /* Assets.xcassets */; };
		36A949EE1EEFCF1C00FDA807 /* LaunchScreen.storyboard in Resources */ = {isa = PBXBuildFile; fileRef = 36A949EC1EEFCF1C00FDA807 /* LaunchScreen.storyboard */; };
		36A949F71EEFD74000FDA807 /* MainVC.swift in Sources */ = {isa = PBXBuildFile; fileRef = 36A949F61EEFD74000FDA807 /* MainVC.swift */; };
		36A949F91EEFD76700FDA807 /* NameVC.swift in Sources */ = {isa = PBXBuildFile; fileRef = 36A949F81EEFD76700FDA807 /* NameVC.swift */; };
		36A949FB1EEFD79100FDA807 /* WhichQuizeVC.swift in Sources */ = {isa = PBXBuildFile; fileRef = 36A949FA1EEFD79100FDA807 /* WhichQuizeVC.swift */; };
		36A949FD1EEFD7BF00FDA807 /* QuizeVC.swift in Sources */ = {isa = PBXBuildFile; fileRef = 36A949FC1EEFD7BF00FDA807 /* QuizeVC.swift */; };
		36A949FF1EEFD84A00FDA807 /* FinalVC.swift in Sources */ = {isa = PBXBuildFile; fileRef = 36A949FE1EEFD84A00FDA807 /* FinalVC.swift */; };
		36A94A031EEFDD3500FDA807 /* WhichQuizeCell.swift in Sources */ = {isa = PBXBuildFile; fileRef = 36A94A021EEFDD3500FDA807 /* WhichQuizeCell.swift */; };
		36A94A051EEFDE3300FDA807 /* AnswersCell.swift in Sources */ = {isa = PBXBuildFile; fileRef = 36A94A041EEFDE3300FDA807 /* AnswersCell.swift */; };
		36A94A0B1EF11DEA00FDA807 /* InstructionVC.swift in Sources */ = {isa = PBXBuildFile; fileRef = 36A94A0A1EF11DEA00FDA807 /* InstructionVC.swift */; };
		36A94A0D1EF12AF300FDA807 /* DataLoaders.swift in Sources */ = {isa = PBXBuildFile; fileRef = 36A94A0C1EF12AF300FDA807 /* DataLoaders.swift */; };
		36A94A0F1EF12B5E00FDA807 /* Questions.swift in Sources */ = {isa = PBXBuildFile; fileRef = 36A94A0E1EF12B5E00FDA807 /* Questions.swift */; };
		36A94A141EF1502400FDA807 /* tryQuize.json in Resources */ = {isa = PBXBuildFile; fileRef = 36A94A131EF1502400FDA807 /* tryQuize.json */; };
		36A94A161EF1797000FDA807 /* WhichQuizeModel.swift in Sources */ = {isa = PBXBuildFile; fileRef = 36A94A151EF1797000FDA807 /* WhichQuizeModel.swift */; };
/* End PBXBuildFile section */

/* Begin PBXFileReference section */
		365872DE1EF908EA003823BA /* Player.swift */ = {isa = PBXFileReference; fileEncoding = 4; lastKnownFileType = sourcecode.swift; path = Player.swift; sourceTree = "<group>"; };
		365872E01EF96216003823BA /* QuizeCollectionVC.swift */ = {isa = PBXFileReference; fileEncoding = 4; lastKnownFileType = sourcecode.swift; path = QuizeCollectionVC.swift; sourceTree = "<group>"; };
		365872E21EF96266003823BA /* WhichQuizeCollectionCell.swift */ = {isa = PBXFileReference; fileEncoding = 4; lastKnownFileType = sourcecode.swift; path = WhichQuizeCollectionCell.swift; sourceTree = "<group>"; };
		366FCF0D1EFA86CD00B2F500 /* FeliksGameVC.swift */ = {isa = PBXFileReference; fileEncoding = 4; lastKnownFileType = sourcecode.swift; path = FeliksGameVC.swift; sourceTree = "<group>"; };
		366FCF0F1EFA8AEC00B2F500 /* FelicsQuizeCollectionCell.swift */ = {isa = PBXFileReference; fileEncoding = 4; lastKnownFileType = sourcecode.swift; path = FelicsQuizeCollectionCell.swift; sourceTree = "<group>"; };
		366FCF111EFA904000B2F500 /* Felics.json */ = {isa = PBXFileReference; fileEncoding = 4; lastKnownFileType = text.json; path = Felics.json; sourceTree = "<group>"; };
		366FCF131EFAA68900B2F500 /* FelicsVC.swift */ = {isa = PBXFileReference; fileEncoding = 4; lastKnownFileType = sourcecode.swift; path = FelicsVC.swift; sourceTree = "<group>"; };
		366FCF151EFAB8F400B2F500 /* minisystem.ttf */ = {isa = PBXFileReference; lastKnownFileType = file; path = minisystem.ttf; sourceTree = "<group>"; };
		36A949DD1EEFCF1C00FDA807 /* RybaSushiQuize.app */ = {isa = PBXFileReference; explicitFileType = wrapper.application; includeInIndex = 0; path = RybaSushiQuize.app; sourceTree = BUILT_PRODUCTS_DIR; };
		36A949E01EEFCF1C00FDA807 /* AppDelegate.swift */ = {isa = PBXFileReference; lastKnownFileType = sourcecode.swift; path = AppDelegate.swift; sourceTree = "<group>"; };
		36A949E51EEFCF1C00FDA807 /* Base */ = {isa = PBXFileReference; lastKnownFileType = file.storyboard; name = Base; path = Base.lproj/Main.storyboard; sourceTree = "<group>"; };
		36A949E81EEFCF1C00FDA807 /* RybaSushiQuize.xcdatamodel */ = {isa = PBXFileReference; lastKnownFileType = wrapper.xcdatamodel; path = RybaSushiQuize.xcdatamodel; sourceTree = "<group>"; };
		36A949EA1EEFCF1C00FDA807 /* Assets.xcassets */ = {isa = PBXFileReference; lastKnownFileType = folder.assetcatalog; path = Assets.xcassets; sourceTree = "<group>"; };
		36A949ED1EEFCF1C00FDA807 /* Base */ = {isa = PBXFileReference; lastKnownFileType = file.storyboard; name = Base; path = Base.lproj/LaunchScreen.storyboard; sourceTree = "<group>"; };
		36A949EF1EEFCF1C00FDA807 /* Info.plist */ = {isa = PBXFileReference; lastKnownFileType = text.plist.xml; path = Info.plist; sourceTree = "<group>"; };
		36A949F61EEFD74000FDA807 /* MainVC.swift */ = {isa = PBXFileReference; fileEncoding = 4; lastKnownFileType = sourcecode.swift; path = MainVC.swift; sourceTree = "<group>"; };
		36A949F81EEFD76700FDA807 /* NameVC.swift */ = {isa = PBXFileReference; fileEncoding = 4; lastKnownFileType = sourcecode.swift; path = NameVC.swift; sourceTree = "<group>"; };
		36A949FA1EEFD79100FDA807 /* WhichQuizeVC.swift */ = {isa = PBXFileReference; fileEncoding = 4; lastKnownFileType = sourcecode.swift; path = WhichQuizeVC.swift; sourceTree = "<group>"; };
		36A949FC1EEFD7BF00FDA807 /* QuizeVC.swift */ = {isa = PBXFileReference; fileEncoding = 4; lastKnownFileType = sourcecode.swift; path = QuizeVC.swift; sourceTree = "<group>"; };
		36A949FE1EEFD84A00FDA807 /* FinalVC.swift */ = {isa = PBXFileReference; fileEncoding = 4; lastKnownFileType = sourcecode.swift; path = FinalVC.swift; sourceTree = "<group>"; };
		36A94A021EEFDD3500FDA807 /* WhichQuizeCell.swift */ = {isa = PBXFileReference; fileEncoding = 4; lastKnownFileType = sourcecode.swift; path = WhichQuizeCell.swift; sourceTree = "<group>"; };
		36A94A041EEFDE3300FDA807 /* AnswersCell.swift */ = {isa = PBXFileReference; fileEncoding = 4; lastKnownFileType = sourcecode.swift; path = AnswersCell.swift; sourceTree = "<group>"; };
		36A94A0A1EF11DEA00FDA807 /* InstructionVC.swift */ = {isa = PBXFileReference; fileEncoding = 4; lastKnownFileType = sourcecode.swift; path = InstructionVC.swift; sourceTree = "<group>"; };
		36A94A0C1EF12AF300FDA807 /* DataLoaders.swift */ = {isa = PBXFileReference; fileEncoding = 4; lastKnownFileType = sourcecode.swift; path = DataLoaders.swift; sourceTree = "<group>"; };
		36A94A0E1EF12B5E00FDA807 /* Questions.swift */ = {isa = PBXFileReference; fileEncoding = 4; lastKnownFileType = sourcecode.swift; path = Questions.swift; sourceTree = "<group>"; };
		36A94A131EF1502400FDA807 /* tryQuize.json */ = {isa = PBXFileReference; fileEncoding = 4; lastKnownFileType = text.json; path = tryQuize.json; sourceTree = "<group>"; };
		36A94A151EF1797000FDA807 /* WhichQuizeModel.swift */ = {isa = PBXFileReference; fileEncoding = 4; lastKnownFileType = sourcecode.swift; path = WhichQuizeModel.swift; sourceTree = "<group>"; };
/* End PBXFileReference section */

/* Begin PBXFrameworksBuildPhase section */
		36A949DA1EEFCF1C00FDA807 /* Frameworks */ = {
			isa = PBXFrameworksBuildPhase;
			buildActionMask = 2147483647;
			files = (
			);
			runOnlyForDeploymentPostprocessing = 0;
		};
/* End PBXFrameworksBuildPhase section */

/* Begin PBXGroup section */
		36A949D41EEFCF1C00FDA807 = {
			isa = PBXGroup;
			children = (
				36A949DF1EEFCF1C00FDA807 /* RybaSushiQuize */,
				36A949DE1EEFCF1C00FDA807 /* Products */,
			);
			sourceTree = "<group>";
		};
		36A949DE1EEFCF1C00FDA807 /* Products */ = {
			isa = PBXGroup;
			children = (
				36A949DD1EEFCF1C00FDA807 /* RybaSushiQuize.app */,
			);
			name = Products;
			sourceTree = "<group>";
		};
		36A949DF1EEFCF1C00FDA807 /* RybaSushiQuize */ = {
			isa = PBXGroup;
			children = (
				36A94A101EF14F5800FDA807 /* Files */,
				36A94A011EEFD89600FDA807 /* View */,
				36A94A001EEFD88700FDA807 /* Model */,
				36A949F51EEFD71900FDA807 /* Controller */,
				36A949E01EEFCF1C00FDA807 /* AppDelegate.swift */,
				36A949E41EEFCF1C00FDA807 /* Main.storyboard */,
				36A949EA1EEFCF1C00FDA807 /* Assets.xcassets */,
				36A949EC1EEFCF1C00FDA807 /* LaunchScreen.storyboard */,
				36A949EF1EEFCF1C00FDA807 /* Info.plist */,
				36A949E71EEFCF1C00FDA807 /* RybaSushiQuize.xcdatamodeld */,
			);
			path = RybaSushiQuize;
			sourceTree = "<group>";
		};
		36A949F51EEFD71900FDA807 /* Controller */ = {
			isa = PBXGroup;
			children = (
				36A949F61EEFD74000FDA807 /* MainVC.swift */,
				36A949F81EEFD76700FDA807 /* NameVC.swift */,
				36A949FA1EEFD79100FDA807 /* WhichQuizeVC.swift */,
				36A94A0A1EF11DEA00FDA807 /* InstructionVC.swift */,
				36A949FC1EEFD7BF00FDA807 /* QuizeVC.swift */,
				365872E01EF96216003823BA /* QuizeCollectionVC.swift */,
				36A949FE1EEFD84A00FDA807 /* FinalVC.swift */,
				366FCF0D1EFA86CD00B2F500 /* FeliksGameVC.swift */,
				366FCF131EFAA68900B2F500 /* FelicsVC.swift */,
			);
			name = Controller;
			sourceTree = "<group>";
		};
		36A94A001EEFD88700FDA807 /* Model */ = {
			isa = PBXGroup;
			children = (
				36A94A0C1EF12AF300FDA807 /* DataLoaders.swift */,
				36A94A0E1EF12B5E00FDA807 /* Questions.swift */,
				36A94A151EF1797000FDA807 /* WhichQuizeModel.swift */,
				365872DE1EF908EA003823BA /* Player.swift */,
			);
			name = Model;
			sourceTree = "<group>";
		};
		36A94A011EEFD89600FDA807 /* View */ = {
			isa = PBXGroup;
			children = (
				36A94A021EEFDD3500FDA807 /* WhichQuizeCell.swift */,
				36A94A041EEFDE3300FDA807 /* AnswersCell.swift */,
				365872E21EF96266003823BA /* WhichQuizeCollectionCell.swift */,
				366FCF0F1EFA8AEC00B2F500 /* FelicsQuizeCollectionCell.swift */,
			);
			name = View;
			sourceTree = "<group>";
		};
		36A94A101EF14F5800FDA807 /* Files */ = {
			isa = PBXGroup;
			children = (
				36A94A131EF1502400FDA807 /* tryQuize.json */,
				366FCF151EFAB8F400B2F500 /* minisystem.ttf */,
				366FCF111EFA904000B2F500 /* Felics.json */,
			);
			name = Files;
			sourceTree = "<group>";
		};
/* End PBXGroup section */

/* Begin PBXNativeTarget section */
		36A949DC1EEFCF1C00FDA807 /* RybaSushiQuize */ = {
			isa = PBXNativeTarget;
			buildConfigurationList = 36A949F21EEFCF1C00FDA807 /* Build configuration list for PBXNativeTarget "RybaSushiQuize" */;
			buildPhases = (
				36A949D91EEFCF1C00FDA807 /* Sources */,
				36A949DA1EEFCF1C00FDA807 /* Frameworks */,
				36A949DB1EEFCF1C00FDA807 /* Resources */,
			);
			buildRules = (
			);
			dependencies = (
			);
			name = RybaSushiQuize;
			productName = RybaSushiQuize;
			productReference = 36A949DD1EEFCF1C00FDA807 /* RybaSushiQuize.app */;
			productType = "com.apple.product-type.application";
		};
/* End PBXNativeTarget section */

/* Begin PBXProject section */
		36A949D51EEFCF1C00FDA807 /* Project object */ = {
			isa = PBXProject;
			attributes = {
				LastSwiftUpdateCheck = 0830;
				LastUpgradeCheck = 0830;
				ORGANIZATIONNAME = Polina;
				TargetAttributes = {
					36A949DC1EEFCF1C00FDA807 = {
						CreatedOnToolsVersion = 8.3;
						DevelopmentTeam = CBVCE8QCE8;
						ProvisioningStyle = Automatic;
					};
				};
			};
			buildConfigurationList = 36A949D81EEFCF1C00FDA807 /* Build configuration list for PBXProject "RybaSushiQuize" */;
			compatibilityVersion = "Xcode 3.2";
			developmentRegion = English;
			hasScannedForEncodings = 0;
			knownRegions = (
				en,
				Base,
			);
			mainGroup = 36A949D41EEFCF1C00FDA807;
			productRefGroup = 36A949DE1EEFCF1C00FDA807 /* Products */;
			projectDirPath = "";
			projectRoot = "";
			targets = (
				36A949DC1EEFCF1C00FDA807 /* RybaSushiQuize */,
			);
		};
/* End PBXProject section */

/* Begin PBXResourcesBuildPhase section */
		36A949DB1EEFCF1C00FDA807 /* Resources */ = {
			isa = PBXResourcesBuildPhase;
			buildActionMask = 2147483647;
			files = (
				366FCF121EFA904000B2F500 /* Felics.json in Resources */,
				36A949EE1EEFCF1C00FDA807 /* LaunchScreen.storyboard in Resources */,
				36A94A141EF1502400FDA807 /* tryQuize.json in Resources */,
				36A949EB1EEFCF1C00FDA807 /* Assets.xcassets in Resources */,
				366FCF161EFAB8F400B2F500 /* minisystem.ttf in Resources */,
				36A949E61EEFCF1C00FDA807 /* Main.storyboard in Resources */,
			);
			runOnlyForDeploymentPostprocessing = 0;
		};
/* End PBXResourcesBuildPhase section */

/* Begin PBXSourcesBuildPhase section */
		36A949D91EEFCF1C00FDA807 /* Sources */ = {
			isa = PBXSourcesBuildPhase;
			buildActionMask = 2147483647;
			files = (
				36A94A051EEFDE3300FDA807 /* AnswersCell.swift in Sources */,
				36A94A161EF1797000FDA807 /* WhichQuizeModel.swift in Sources */,
				366FCF141EFAA68900B2F500 /* FelicsVC.swift in Sources */,
				36A94A031EEFDD3500FDA807 /* WhichQuizeCell.swift in Sources */,
				36A949FF1EEFD84A00FDA807 /* FinalVC.swift in Sources */,
				365872DF1EF908EA003823BA /* Player.swift in Sources */,
				365872E11EF96216003823BA /* QuizeCollectionVC.swift in Sources */,
				366FCF101EFA8AEC00B2F500 /* FelicsQuizeCollectionCell.swift in Sources */,
				365872E31EF96266003823BA /* WhichQuizeCollectionCell.swift in Sources */,
				36A949E11EEFCF1C00FDA807 /* AppDelegate.swift in Sources */,
				36A949F91EEFD76700FDA807 /* NameVC.swift in Sources */,
				36A949F71EEFD74000FDA807 /* MainVC.swift in Sources */,
				36A949E91EEFCF1C00FDA807 /* RybaSushiQuize.xcdatamodeld in Sources */,
				36A94A0B1EF11DEA00FDA807 /* InstructionVC.swift in Sources */,
				36A94A0D1EF12AF300FDA807 /* DataLoaders.swift in Sources */,
				36A94A0F1EF12B5E00FDA807 /* Questions.swift in Sources */,
				36A949FB1EEFD79100FDA807 /* WhichQuizeVC.swift in Sources */,
				366FCF0E1EFA86CD00B2F500 /* FeliksGameVC.swift in Sources */,
				36A949FD1EEFD7BF00FDA807 /* QuizeVC.swift in Sources */,
			);
			runOnlyForDeploymentPostprocessing = 0;
		};
/* End PBXSourcesBuildPhase section */

/* Begin PBXVariantGroup section */
		36A949E41EEFCF1C00FDA807 /* Main.storyboard */ = {
			isa = PBXVariantGroup;
			children = (
				36A949E51EEFCF1C00FDA807 /* Base */,
			);
			name = Main.storyboard;
			sourceTree = "<group>";
		};
		36A949EC1EEFCF1C00FDA807 /* LaunchScreen.storyboard */ = {
			isa = PBXVariantGroup;
			children = (
				36A949ED1EEFCF1C00FDA807 /* Base */,
			);
			name = LaunchScreen.storyboard;
			sourceTree = "<group>";
		};
/* End PBXVariantGroup section */

/* Begin XCBuildConfiguration section */
		36A949F01EEFCF1C00FDA807 /* Debug */ = {
			isa = XCBuildConfiguration;
			buildSettings = {
				ALWAYS_SEARCH_USER_PATHS = NO;
				CLANG_ANALYZER_NONNULL = YES;
				CLANG_ANALYZER_NUMBER_OBJECT_CONVERSION = YES_AGGRESSIVE;
				CLANG_CXX_LANGUAGE_STANDARD = "gnu++0x";
				CLANG_CXX_LIBRARY = "libc++";
				CLANG_ENABLE_MODULES = YES;
				CLANG_ENABLE_OBJC_ARC = YES;
				CLANG_WARN_BOOL_CONVERSION = YES;
				CLANG_WARN_CONSTANT_CONVERSION = YES;
				CLANG_WARN_DIRECT_OBJC_ISA_USAGE = YES_ERROR;
				CLANG_WARN_DOCUMENTATION_COMMENTS = YES;
				CLANG_WARN_EMPTY_BODY = YES;
				CLANG_WARN_ENUM_CONVERSION = YES;
				CLANG_WARN_INFINITE_RECURSION = YES;
				CLANG_WARN_INT_CONVERSION = YES;
				CLANG_WARN_OBJC_ROOT_CLASS = YES_ERROR;
				CLANG_WARN_SUSPICIOUS_MOVE = YES;
				CLANG_WARN_UNREACHABLE_CODE = YES;
				CLANG_WARN__DUPLICATE_METHOD_MATCH = YES;
				"CODE_SIGN_IDENTITY[sdk=iphoneos*]" = "iPhone Developer";
				COPY_PHASE_STRIP = NO;
				DEBUG_INFORMATION_FORMAT = dwarf;
				ENABLE_STRICT_OBJC_MSGSEND = YES;
				ENABLE_TESTABILITY = YES;
				GCC_C_LANGUAGE_STANDARD = gnu99;
				GCC_DYNAMIC_NO_PIC = NO;
				GCC_NO_COMMON_BLOCKS = YES;
				GCC_OPTIMIZATION_LEVEL = 0;
				GCC_PREPROCESSOR_DEFINITIONS = (
					"DEBUG=1",
					"$(inherited)",
				);
				GCC_WARN_64_TO_32_BIT_CONVERSION = YES;
				GCC_WARN_ABOUT_RETURN_TYPE = YES_ERROR;
				GCC_WARN_UNDECLARED_SELECTOR = YES;
				GCC_WARN_UNINITIALIZED_AUTOS = YES_AGGRESSIVE;
				GCC_WARN_UNUSED_FUNCTION = YES;
				GCC_WARN_UNUSED_VARIABLE = YES;
				IPHONEOS_DEPLOYMENT_TARGET = 10.3;
				MTL_ENABLE_DEBUG_INFO = YES;
				ONLY_ACTIVE_ARCH = YES;
				SDKROOT = iphoneos;
				SWIFT_ACTIVE_COMPILATION_CONDITIONS = DEBUG;
				SWIFT_OPTIMIZATION_LEVEL = "-Onone";
				TARGETED_DEVICE_FAMILY = "1,2";
			};
			name = Debug;
		};
		36A949F11EEFCF1C00FDA807 /* Release */ = {
			isa = XCBuildConfiguration;
			buildSettings = {
				ALWAYS_SEARCH_USER_PATHS = NO;
				CLANG_ANALYZER_NONNULL = YES;
				CLANG_ANALYZER_NUMBER_OBJECT_CONVERSION = YES_AGGRESSIVE;
				CLANG_CXX_LANGUAGE_STANDARD = "gnu++0x";
				CLANG_CXX_LIBRARY = "libc++";
				CLANG_ENABLE_MODULES = YES;
				CLANG_ENABLE_OBJC_ARC = YES;
				CLANG_WARN_BOOL_CONVERSION = YES;
				CLANG_WARN_CONSTANT_CONVERSION = YES;
				CLANG_WARN_DIRECT_OBJC_ISA_USAGE = YES_ERROR;
				CLANG_WARN_DOCUMENTATION_COMMENTS = YES;
				CLANG_WARN_EMPTY_BODY = YES;
				CLANG_WARN_ENUM_CONVERSION = YES;
				CLANG_WARN_INFINITE_RECURSION = YES;
				CLANG_WARN_INT_CONVERSION = YES;
				CLANG_WARN_OBJC_ROOT_CLASS = YES_ERROR;
				CLANG_WARN_SUSPICIOUS_MOVE = YES;
				CLANG_WARN_UNREACHABLE_CODE = YES;
				CLANG_WARN__DUPLICATE_METHOD_MATCH = YES;
				"CODE_SIGN_IDENTITY[sdk=iphoneos*]" = "iPhone Developer";
				COPY_PHASE_STRIP = NO;
				DEBUG_INFORMATION_FORMAT = "dwarf-with-dsym";
				ENABLE_NS_ASSERTIONS = NO;
				ENABLE_STRICT_OBJC_MSGSEND = YES;
				GCC_C_LANGUAGE_STANDARD = gnu99;
				GCC_NO_COMMON_BLOCKS = YES;
				GCC_WARN_64_TO_32_BIT_CONVERSION = YES;
				GCC_WARN_ABOUT_RETURN_TYPE = YES_ERROR;
				GCC_WARN_UNDECLARED_SELECTOR = YES;
				GCC_WARN_UNINITIALIZED_AUTOS = YES_AGGRESSIVE;
				GCC_WARN_UNUSED_FUNCTION = YES;
				GCC_WARN_UNUSED_VARIABLE = YES;
				IPHONEOS_DEPLOYMENT_TARGET = 10.3;
				MTL_ENABLE_DEBUG_INFO = NO;
				SDKROOT = iphoneos;
				SWIFT_OPTIMIZATION_LEVEL = "-Owholemodule";
				TARGETED_DEVICE_FAMILY = "1,2";
				VALIDATE_PRODUCT = YES;
			};
			name = Release;
		};
		36A949F31EEFCF1C00FDA807 /* Debug */ = {
			isa = XCBuildConfiguration;
			buildSettings = {
				ASSETCATALOG_COMPILER_APPICON_NAME = AppIcon;
				DEVELOPMENT_TEAM = CBVCE8QCE8;
				INFOPLIST_FILE = RybaSushiQuize/Info.plist;
				LD_RUNPATH_SEARCH_PATHS = "$(inherited) @executable_path/Frameworks";
				PRODUCT_BUNDLE_IDENTIFIER = polin911.RybaSushiQuize;
				PRODUCT_NAME = "$(TARGET_NAME)";
				SWIFT_VERSION = 3.0;
			};
			name = Debug;
		};
		36A949F41EEFCF1C00FDA807 /* Release */ = {
			isa = XCBuildConfiguration;
			buildSettings = {
				ASSETCATALOG_COMPILER_APPICON_NAME = AppIcon;
				DEVELOPMENT_TEAM = CBVCE8QCE8;
				INFOPLIST_FILE = RybaSushiQuize/Info.plist;
				LD_RUNPATH_SEARCH_PATHS = "$(inherited) @executable_path/Frameworks";
				PRODUCT_BUNDLE_IDENTIFIER = polin911.RybaSushiQuize;
				PRODUCT_NAME = "$(TARGET_NAME)";
				SWIFT_VERSION = 3.0;
			};
			name = Release;
		};
/* End XCBuildConfiguration section */

/* Begin XCConfigurationList section */
		36A949D81EEFCF1C00FDA807 /* Build configuration list for PBXProject "RybaSushiQuize" */ = {
			isa = XCConfigurationList;
			buildConfigurations = (
				36A949F01EEFCF1C00FDA807 /* Debug */,
				36A949F11EEFCF1C00FDA807 /* Release */,
			);
			defaultConfigurationIsVisible = 0;
			defaultConfigurationName = Release;
		};
		36A949F21EEFCF1C00FDA807 /* Build configuration list for PBXNativeTarget "RybaSushiQuize" */ = {
			isa = XCConfigurationList;
			buildConfigurations = (
				36A949F31EEFCF1C00FDA807 /* Debug */,
				36A949F41EEFCF1C00FDA807 /* Release */,
			);
			defaultConfigurationIsVisible = 0;
			defaultConfigurationName = Release;
		};
/* End XCConfigurationList section */

/* Begin XCVersionGroup section */
		36A949E71EEFCF1C00FDA807 /* RybaSushiQuize.xcdatamodeld */ = {
			isa = XCVersionGroup;
			children = (
				36A949E81EEFCF1C00FDA807 /* RybaSushiQuize.xcdatamodel */,
			);
			currentVersion = 36A949E81EEFCF1C00FDA807 /* RybaSushiQuize.xcdatamodel */;
			path = RybaSushiQuize.xcdatamodeld;
			sourceTree = "<group>";
			versionGroupType = wrapper.xcdatamodel;
		};
/* End XCVersionGroup section */
	};
	rootObject = 36A949D51EEFCF1C00FDA807 /* Project object */;
}
